
Microsoft Visual Studio Solution File, Format Version 12.00
Project("{FAE04EC0-301F-11D3-BF4B-00C04F79EFBC}") = "LicenseIt", "LicenseIt\LicenseIt.csproj", "{8CBD6E5B-8D2D-4604-B5ED-7A6E126A2C92}"
EndProject
Global
	GlobalSection(SolutionConfigurationPlatforms) = preSolution
		Debug|Any CPU = Debug|Any CPU
		Release|Any CPU = Release|Any CPU
	EndGlobalSection
	GlobalSection(ProjectConfigurationPlatforms) = postSolution
		{8CBD6E5B-8D2D-4604-B5ED-7A6E126A2C92}.Debug|Any CPU.ActiveCfg = Debug|Any CPU
		{8CBD6E5B-8D2D-4604-B5ED-7A6E126A2C92}.Debug|Any CPU.Build.0 = Debug|Any CPU
		{8CBD6E5B-8D2D-4604-B5ED-7A6E126A2C92}.Release|Any CPU.ActiveCfg = Release|Any CPU
		{8CBD6E5B-8D2D-4604-B5ED-7A6E126A2C92}.Release|Any CPU.Build.0 = Release|Any CPU
	EndGlobalSection
EndGlobal
